
Microsoft Visual Studio Solution File, Format Version 12.00
# Visual Studio Version 17
VisualStudioVersion = 17.1.31911.260
MinimumVisualStudioVersion = 10.0.40219.1
Project("{9A19103F-16F7-4668-BE54-9A1E7A4F7556}") = "TestPuppeteerSharp", "TestPuppeteerSharp\TestPuppeteerSharp.csproj", "{60F01CA8-20CD-40ED-93CF-C142FF002465}"
EndProject
Project("{9A19103F-16F7-4668-BE54-9A1E7A4F7556}") = "PushLib", "PushLib\PushLib.csproj", "{59A23EF4-7176-4F5F-8FC0-707AD400E85B}"
EndProject
Project("{FAE04EC0-301F-11D3-BF4B-00C04F79EFBC}") = "Ouchn", "Ouchn\Ouchn.csproj", "{01222E01-0104-43D5-BF22-E68CB40C606A}"
EndProject
Global
	GlobalSection(SolutionConfigurationPlatforms) = preSolution
		Debug|Any CPU = Debug|Any CPU
		Release|Any CPU = Release|Any CPU
	EndGlobalSection
	GlobalSection(ProjectConfigurationPlatforms) = postSolution
		{60F01CA8-20CD-40ED-93CF-C142FF002465}.Debug|Any CPU.ActiveCfg = Debug|Any CPU
		{60F01CA8-20CD-40ED-93CF-C142FF002465}.Debug|Any CPU.Build.0 = Debug|Any CPU
		{60F01CA8-20CD-40ED-93CF-C142FF002465}.Release|Any CPU.ActiveCfg = Release|Any CPU
		{60F01CA8-20CD-40ED-93CF-C142FF002465}.Release|Any CPU.Build.0 = Release|Any CPU
		{59A23EF4-7176-4F5F-8FC0-707AD400E85B}.Debug|Any CPU.ActiveCfg = Debug|Any CPU
		{59A23EF4-7176-4F5F-8FC0-707AD400E85B}.Debug|Any CPU.Build.0 = Debug|Any CPU
		{59A23EF4-7176-4F5F-8FC0-707AD400E85B}.Release|Any CPU.ActiveCfg = Release|Any CPU
		{59A23EF4-7176-4F5F-8FC0-707AD400E85B}.Release|Any CPU.Build.0 = Release|Any CPU
		{01222E01-0104-43D5-BF22-E68CB40C606A}.Debug|Any CPU.ActiveCfg = Debug|Any CPU
		{01222E01-0104-43D5-BF22-E68CB40C606A}.Debug|Any CPU.Build.0 = Debug|Any CPU
		{01222E01-0104-43D5-BF22-E68CB40C606A}.Release|Any CPU.ActiveCfg = Release|Any CPU
		{01222E01-0104-43D5-BF22-E68CB40C606A}.Release|Any CPU.Build.0 = Release|Any CPU
	EndGlobalSection
	GlobalSection(SolutionProperties) = preSolution
		HideSolutionNode = FALSE
	EndGlobalSection
	GlobalSection(ExtensibilityGlobals) = postSolution
		SolutionGuid = {5BAB0193-CEB4-4661-A0A8-2B24C367512E}
	EndGlobalSection
EndGlobal
